
Microsoft Visual Studio Solution File, Format Version 12.00
# Visual Studio Version 17
VisualStudioVersion = 17.9.34723.18
MinimumVisualStudioVersion = 10.0.40219.1
Project("{FAE04EC0-301F-11D3-BF4B-00C04F79EFBC}") = "ToDoList.API", "ToDoList.API.csproj", "{BA3A4218-5990-4E32-A583-1E21AEB6631A}"
EndProject
Project("{FAE04EC0-301F-11D3-BF4B-00C04F79EFBC}") = "ToDoList.Application", "..\ToDoList.Application\ToDoList.Application.csproj", "{A8295D03-BBC5-4BB3-8BA7-A1E18AFACA52}"
EndProject
Project("{FAE04EC0-301F-11D3-BF4B-00C04F79EFBC}") = "ToDoList.Infrastructure", "..\ToDoList.Infrastructure\ToDoList.Infrastructure.csproj", "{A2A5AA86-67D4-4559-8E03-D6E957A64D13}"
EndProject
Project("{FAE04EC0-301F-11D3-BF4B-00C04F79EFBC}") = "ToDoList.Domain", "..\ToDoList.Domain\ToDoList.Domain.csproj", "{0CF81F32-C6C8-4E3C-A435-09DD45271D0E}"
EndProject
Global
	GlobalSection(SolutionConfigurationPlatforms) = preSolution
		Debug|Any CPU = Debug|Any CPU
		Release|Any CPU = Release|Any CPU
	EndGlobalSection
	GlobalSection(ProjectConfigurationPlatforms) = postSolution
		{BA3A4218-5990-4E32-A583-1E21AEB6631A}.Debug|Any CPU.ActiveCfg = Debug|Any CPU
		{BA3A4218-5990-4E32-A583-1E21AEB6631A}.Debug|Any CPU.Build.0 = Debug|Any CPU
		{BA3A4218-5990-4E32-A583-1E21AEB6631A}.Release|Any CPU.ActiveCfg = Release|Any CPU
		{BA3A4218-5990-4E32-A583-1E21AEB6631A}.Release|Any CPU.Build.0 = Release|Any CPU
		{A8295D03-BBC5-4BB3-8BA7-A1E18AFACA52}.Debug|Any CPU.ActiveCfg = Debug|Any CPU
		{A8295D03-BBC5-4BB3-8BA7-A1E18AFACA52}.Debug|Any CPU.Build.0 = Debug|Any CPU
		{A8295D03-BBC5-4BB3-8BA7-A1E18AFACA52}.Release|Any CPU.ActiveCfg = Release|Any CPU
		{A8295D03-BBC5-4BB3-8BA7-A1E18AFACA52}.Release|Any CPU.Build.0 = Release|Any CPU
		{A2A5AA86-67D4-4559-8E03-D6E957A64D13}.Debug|Any CPU.ActiveCfg = Debug|Any CPU
		{A2A5AA86-67D4-4559-8E03-D6E957A64D13}.Debug|Any CPU.Build.0 = Debug|Any CPU
		{A2A5AA86-67D4-4559-8E03-D6E957A64D13}.Release|Any CPU.ActiveCfg = Release|Any CPU
		{A2A5AA86-67D4-4559-8E03-D6E957A64D13}.Release|Any CPU.Build.0 = Release|Any CPU
		{0CF81F32-C6C8-4E3C-A435-09DD45271D0E}.Debug|Any CPU.ActiveCfg = Debug|Any CPU
		{0CF81F32-C6C8-4E3C-A435-09DD45271D0E}.Debug|Any CPU.Build.0 = Debug|Any CPU
		{0CF81F32-C6C8-4E3C-A435-09DD45271D0E}.Release|Any CPU.ActiveCfg = Release|Any CPU
		{0CF81F32-C6C8-4E3C-A435-09DD45271D0E}.Release|Any CPU.Build.0 = Release|Any CPU
	EndGlobalSection
	GlobalSection(SolutionProperties) = preSolution
		HideSolutionNode = FALSE
	EndGlobalSection
	GlobalSection(ExtensibilityGlobals) = postSolution
		SolutionGuid = {CEFB7A7A-B989-423D-BA81-263DD3162708}
	EndGlobalSection
EndGlobal
